
Microsoft Visual Studio Solution File, Format Version 12.00
# Visual Studio Version 17
VisualStudioVersion = 17.3.32929.385
MinimumVisualStudioVersion = 10.0.40219.1
Project("{FAE04EC0-301F-11D3-BF4B-00C04F79EFBC}") = "BlockChainAlgorithmProject", "BlockChainAlgorithmProject\BlockChainAlgorithmProject.csproj", "{CADED4AD-42E4-4A28-B90A-139745A73BB4}"
EndProject
Global
	GlobalSection(SolutionConfigurationPlatforms) = preSolution
		Debug|Any CPU = Debug|Any CPU
		Release|Any CPU = Release|Any CPU
	EndGlobalSection
	GlobalSection(ProjectConfigurationPlatforms) = postSolution
		{CADED4AD-42E4-4A28-B90A-139745A73BB4}.Debug|Any CPU.ActiveCfg = Debug|Any CPU
		{CADED4AD-42E4-4A28-B90A-139745A73BB4}.Debug|Any CPU.Build.0 = Debug|Any CPU
		{CADED4AD-42E4-4A28-B90A-139745A73BB4}.Release|Any CPU.ActiveCfg = Release|Any CPU
		{CADED4AD-42E4-4A28-B90A-139745A73BB4}.Release|Any CPU.Build.0 = Release|Any CPU
	EndGlobalSection
	GlobalSection(SolutionProperties) = preSolution
		HideSolutionNode = FALSE
	EndGlobalSection
	GlobalSection(ExtensibilityGlobals) = postSolution
		SolutionGuid = {0319CC3C-88C2-46D2-B7EA-5FA6B3D82AB2}
	EndGlobalSection
EndGlobal
